
Microsoft Visual Studio Solution File, Format Version 12.00
# Visual Studio Version 17
VisualStudioVersion = 17.11.35327.3
MinimumVisualStudioVersion = 10.0.40219.1
Project("{FAE04EC0-301F-11D3-BF4B-00C04F79EFBC}") = "hesappmakinesi", "hesappmakinesi\hesappmakinesi.csproj", "{200FB693-1A51-40AE-9DD8-D8BC3C4C62E8}"
EndProject
Global
	GlobalSection(SolutionConfigurationPlatforms) = preSolution
		Debug|Any CPU = Debug|Any CPU
		Release|Any CPU = Release|Any CPU
	EndGlobalSection
	GlobalSection(ProjectConfigurationPlatforms) = postSolution
		{200FB693-1A51-40AE-9DD8-D8BC3C4C62E8}.Debug|Any CPU.ActiveCfg = Debug|Any CPU
		{200FB693-1A51-40AE-9DD8-D8BC3C4C62E8}.Debug|Any CPU.Build.0 = Debug|Any CPU
		{200FB693-1A51-40AE-9DD8-D8BC3C4C62E8}.Release|Any CPU.ActiveCfg = Release|Any CPU
		{200FB693-1A51-40AE-9DD8-D8BC3C4C62E8}.Release|Any CPU.Build.0 = Release|Any CPU
	EndGlobalSection
	GlobalSection(SolutionProperties) = preSolution
		HideSolutionNode = FALSE
	EndGlobalSection
	GlobalSection(ExtensibilityGlobals) = postSolution
		SolutionGuid = {291D4A0B-768C-4ACE-B510-7D231B7A34EB}
	EndGlobalSection
EndGlobal
